
Microsoft Visual Studio Solution File, Format Version 12.00
# Visual Studio 14
VisualStudioVersion = 14.0.23107.0
MinimumVisualStudioVersion = 10.0.40219.1
Project("{F2A71F9B-5D33-465A-A702-920D77279786}") = "BookingApi.WebHost", "BookingApi.WebHost\BookingApi.WebHost.fsproj", "{BCFBE174-521D-4C0B-8126-3364E8E95266}"
EndProject
Global
	GlobalSection(SolutionConfigurationPlatforms) = preSolution
		Debug|Any CPU = Debug|Any CPU
		Release|Any CPU = Release|Any CPU
	EndGlobalSection
	GlobalSection(ProjectConfigurationPlatforms) = postSolution
		{BCFBE174-521D-4C0B-8126-3364E8E95266}.Debug|Any CPU.ActiveCfg = Debug|Any CPU
		{BCFBE174-521D-4C0B-8126-3364E8E95266}.Debug|Any CPU.Build.0 = Debug|Any CPU
		{BCFBE174-521D-4C0B-8126-3364E8E95266}.Release|Any CPU.ActiveCfg = Release|Any CPU
		{BCFBE174-521D-4C0B-8126-3364E8E95266}.Release|Any CPU.Build.0 = Release|Any CPU
	EndGlobalSection
	GlobalSection(SolutionProperties) = preSolution
		HideSolutionNode = FALSE
	EndGlobalSection
EndGlobal
